<Solution>
  <Folder Name="/.environment/">
    <File Path=".editorconfig" />
    <File Path=".gitignore" />
    <File Path=".config/dotnet-tools.json" />
    <File Path="global.json" />
    <File Path="Directory.Build.props" />
    <File Path="Directory.Build.targets" />
    <File Path="README.md" />
    <File Path="package.json" />
  </Folder>
  <Folder Name="/Build/">
    <File Path="build.fsx" />
  </Folder>
  <Folder Name="/src/">
    <Project Path="src/Ranvier/Ranvier.fsproj" />
    <Project Path="src/Ranvier.CSharp/Ranvier.CSharp.fsproj" />
    <Project Path="src/Ranvier.Elmish/Ranvier.Elmish.fsproj" />
    <Project Path="src/Ranvier.Query/Ranvier.Query.fsproj" />
  </Folder>
  <Folder Name="/tests/">
    <Project Path="tests/Ranvier.Tests/Ranvier.Tests.fsproj" />
    <Project Path="tests/Ranvier.CSharp.Tests/Ranvier.CSharp.Tests.csproj" />
    <Project Path="fable/Ranvier.Tests.Fable/Ranvier.Tests.Fable.fsproj" />
    <Project Path="tests/Ranvier.AotSmoke/Ranvier.AotSmoke.fsproj" />
  </Folder>
  <Folder Name="/bench/">
    <Project Path="bench/Ranvier.Benchmarks/Ranvier.Benchmarks.fsproj" />
    <Project Path="bench/Ranvier.Counters/Ranvier.Counters.fsproj" />
  </Folder>
  <Folder Name="/docs/">
    <Project Path="docs/docs.fsproj" />
    <Project Path="docs/maps/authoring/Ranvier.Docs.MapAuthoring.fsproj" />
    <Project Path="docs/maps/model/Ranvier.Docs.MapModel.fsproj" />
    <Project Path="docs/maps/Ranvier.Docs.Maps.fsproj" />
    <Project Path="docs/maps/tests/Ranvier.Docs.Maps.Tests.fsproj" />
  </Folder>
</Solution>
